
Microsoft Visual Studio Solution File, Format Version 12.00
# Visual Studio Version 17
VisualStudioVersion = 17.4.33122.133
MinimumVisualStudioVersion = 10.0.40219.1
Project("{FAE04EC0-301F-11D3-BF4B-00C04F79EFBC}") = "JKPort", "JKPort\JKPort.csproj", "{D20C3061-1D60-40DB-90B0-9AB3FD09487B}"
EndProject
Global
	GlobalSection(SolutionConfigurationPlatforms) = preSolution
		Debug|Any CPU = Debug|Any CPU
		Release|Any CPU = Release|Any CPU
	EndGlobalSection
	GlobalSection(ProjectConfigurationPlatforms) = postSolution
		{D20C3061-1D60-40DB-90B0-9AB3FD09487B}.Debug|Any CPU.ActiveCfg = Debug|Any CPU
		{D20C3061-1D60-40DB-90B0-9AB3FD09487B}.Debug|Any CPU.Build.0 = Debug|Any CPU
		{D20C3061-1D60-40DB-90B0-9AB3FD09487B}.Release|Any CPU.ActiveCfg = Release|Any CPU
		{D20C3061-1D60-40DB-90B0-9AB3FD09487B}.Release|Any CPU.Build.0 = Release|Any CPU
	EndGlobalSection
	GlobalSection(SolutionProperties) = preSolution
		HideSolutionNode = FALSE
	EndGlobalSection
	GlobalSection(ExtensibilityGlobals) = postSolution
		SolutionGuid = {49392965-48B8-4543-AE68-F1FFAE12AD90}
	EndGlobalSection
EndGlobal
